
Microsoft Visual Studio Solution File, Format Version 12.00
# Visual Studio Version 17
VisualStudioVersion = 17.10.35013.160
MinimumVisualStudioVersion = 10.0.40219.1
Project("{2150E333-8FDC-42A3-9474-1A3956D46DE8}") = "backend", "backend", "{6889E19B-9CDA-4208-A8FA-5937140A76A8}"
EndProject
Project("{2150E333-8FDC-42A3-9474-1A3956D46DE8}") = "frontend", "frontend", "{CCDFFF94-A824-4990-93B6-C7D5D069388B}"
EndProject
Project("{2150E333-8FDC-42A3-9474-1A3956D46DE8}") = "tests", "tests", "{CD55D8FF-4B2C-444A-B1BF-14979D5F2F82}"
EndProject
Project("{FAE04EC0-301F-11D3-BF4B-00C04F79EFBC}") = "FlexiSuiteAPP.Api", "FlexiSuiteAPP.Api\FlexiSuiteAPP.Api.csproj", "{072E912C-CBB9-4518-85C7-D9C7F5C79119}"
EndProject
Project("{FAE04EC0-301F-11D3-BF4B-00C04F79EFBC}") = "FlexiSuiteAPP.Application", "FlexiSuiteAPP.Application\FlexiSuiteAPP.Application.csproj", "{3691C21F-4D74-4335-AFAB-F19564B3DE1F}"
EndProject
Project("{FAE04EC0-301F-11D3-BF4B-00C04F79EFBC}") = "FlexiSuiteAPP.Domain", "FlexiSuiteAPP.Domain\FlexiSuiteAPP.Domain.csproj", "{0E6FAF17-21D9-4F1C-8F09-28C0982580F1}"
EndProject
Project("{FAE04EC0-301F-11D3-BF4B-00C04F79EFBC}") = "FlexiSuiteAPP.Infrastructure", "FlexiSuiteAPP.Infrastructure\FlexiSuiteAPP.Infrastructure.csproj", "{FB965151-C3AC-4573-A6C3-D5C85BF29B98}"
EndProject
Project("{FAE04EC0-301F-11D3-BF4B-00C04F79EFBC}") = "FlexiSuiteAPP.Common", "FlexiSuiteAPP.Common\FlexiSuiteAPP.Common.csproj", "{57C8BECB-12D8-47BD-91E4-D7626ABEACE9}"
EndProject
Project("{FAE04EC0-301F-11D3-BF4B-00C04F79EFBC}") = "FlexiSuiteAPP.App", "FlexiSuiteAPP.App\FlexiSuiteAPP.App.csproj", "{39456CDE-E848-4AA2-A598-65DB209E9FC4}"
EndProject
Project("{FAE04EC0-301F-11D3-BF4B-00C04F79EFBC}") = "FlexiSuiteAPP.Wpf.Common", "FlexiSuiteAPP.Wpf.Common\FlexiSuiteAPP.Wpf.Common.csproj", "{C616F3BD-CC2A-401E-BE56-F982603F5097}"
EndProject
Project("{2150E333-8FDC-42A3-9474-1A3956D46DE8}") = "IntegrationTests", "IntegrationTests", "{FD187FA7-9734-4AB0-990D-24AC5E8AD51C}"
EndProject
Project("{2150E333-8FDC-42A3-9474-1A3956D46DE8}") = "UnitTests", "UnitTests", "{C21A018D-A544-4F43-9DE9-45EA1B22BDBC}"
EndProject
Project("{FAE04EC0-301F-11D3-BF4B-00C04F79EFBC}") = "FlexiSuiteAPP.Api.Tests", "FlexiSuiteAPP.Api.Tests\FlexiSuiteAPP.Api.Tests.csproj", "{10842331-E7DC-409B-8B61-C525D7723FF9}"
EndProject
Project("{FAE04EC0-301F-11D3-BF4B-00C04F79EFBC}") = "FlexiSuiteAPP.Wpf.Tests", "FlexiSuiteAPP.Wpf.Tests\FlexiSuiteAPP.Wpf.Tests.csproj", "{88920DD2-1EA1-4F41-A4B5-BDBF1DF36E43}"
EndProject
Project("{FAE04EC0-301F-11D3-BF4B-00C04F79EFBC}") = "FlexiSuiteAPP.Application.Tests", "FlexiSuiteAPP.Application.Tests\FlexiSuiteAPP.Application.Tests.csproj", "{46E39972-61ED-4FFB-9036-C1B7E5B04F89}"
EndProject
Project("{FAE04EC0-301F-11D3-BF4B-00C04F79EFBC}") = "FlexiSuiteAPP.Domain.Tests", "FlexiSuiteAPP.Domain.Tests\FlexiSuiteAPP.Domain.Tests.csproj", "{038B8B25-1CA4-46C4-9689-BF04298D6445}"
EndProject
Project("{FAE04EC0-301F-11D3-BF4B-00C04F79EFBC}") = "FlexiSuiteAPP.Infrastructure.Tests", "FlexiSuiteAPP.Infrastructure.Tests\FlexiSuiteAPP.Infrastructure.Tests.csproj", "{8698849B-0849-4E7F-A3F1-5F64B96E4E2F}"
EndProject
Global
	GlobalSection(SolutionConfigurationPlatforms) = preSolution
		Debug|Any CPU = Debug|Any CPU
		Release|Any CPU = Release|Any CPU
	EndGlobalSection
	GlobalSection(ProjectConfigurationPlatforms) = postSolution
		{072E912C-CBB9-4518-85C7-D9C7F5C79119}.Debug|Any CPU.ActiveCfg = Debug|Any CPU
		{072E912C-CBB9-4518-85C7-D9C7F5C79119}.Debug|Any CPU.Build.0 = Debug|Any CPU
		{072E912C-CBB9-4518-85C7-D9C7F5C79119}.Release|Any CPU.ActiveCfg = Release|Any CPU
		{072E912C-CBB9-4518-85C7-D9C7F5C79119}.Release|Any CPU.Build.0 = Release|Any CPU
		{3691C21F-4D74-4335-AFAB-F19564B3DE1F}.Debug|Any CPU.ActiveCfg = Debug|Any CPU
		{3691C21F-4D74-4335-AFAB-F19564B3DE1F}.Debug|Any CPU.Build.0 = Debug|Any CPU
		{3691C21F-4D74-4335-AFAB-F19564B3DE1F}.Release|Any CPU.ActiveCfg = Release|Any CPU
		{3691C21F-4D74-4335-AFAB-F19564B3DE1F}.Release|Any CPU.Build.0 = Release|Any CPU
		{0E6FAF17-21D9-4F1C-8F09-28C0982580F1}.Debug|Any CPU.ActiveCfg = Debug|Any CPU
		{0E6FAF17-21D9-4F1C-8F09-28C0982580F1}.Debug|Any CPU.Build.0 = Debug|Any CPU
		{0E6FAF17-21D9-4F1C-8F09-28C0982580F1}.Release|Any CPU.ActiveCfg = Release|Any CPU
		{0E6FAF17-21D9-4F1C-8F09-28C0982580F1}.Release|Any CPU.Build.0 = Release|Any CPU
		{FB965151-C3AC-4573-A6C3-D5C85BF29B98}.Debug|Any CPU.ActiveCfg = Debug|Any CPU
		{FB965151-C3AC-4573-A6C3-D5C85BF29B98}.Debug|Any CPU.Build.0 = Debug|Any CPU
		{FB965151-C3AC-4573-A6C3-D5C85BF29B98}.Release|Any CPU.ActiveCfg = Release|Any CPU
		{FB965151-C3AC-4573-A6C3-D5C85BF29B98}.Release|Any CPU.Build.0 = Release|Any CPU
		{57C8BECB-12D8-47BD-91E4-D7626ABEACE9}.Debug|Any CPU.ActiveCfg = Debug|Any CPU
		{57C8BECB-12D8-47BD-91E4-D7626ABEACE9}.Debug|Any CPU.Build.0 = Debug|Any CPU
		{57C8BECB-12D8-47BD-91E4-D7626ABEACE9}.Release|Any CPU.ActiveCfg = Release|Any CPU
		{57C8BECB-12D8-47BD-91E4-D7626ABEACE9}.Release|Any CPU.Build.0 = Release|Any CPU
		{39456CDE-E848-4AA2-A598-65DB209E9FC4}.Debug|Any CPU.ActiveCfg = Debug|Any CPU
		{39456CDE-E848-4AA2-A598-65DB209E9FC4}.Debug|Any CPU.Build.0 = Debug|Any CPU
		{39456CDE-E848-4AA2-A598-65DB209E9FC4}.Release|Any CPU.ActiveCfg = Release|Any CPU
		{39456CDE-E848-4AA2-A598-65DB209E9FC4}.Release|Any CPU.Build.0 = Release|Any CPU
		{C616F3BD-CC2A-401E-BE56-F982603F5097}.Debug|Any CPU.ActiveCfg = Debug|Any CPU
		{C616F3BD-CC2A-401E-BE56-F982603F5097}.Debug|Any CPU.Build.0 = Debug|Any CPU
		{C616F3BD-CC2A-401E-BE56-F982603F5097}.Release|Any CPU.ActiveCfg = Release|Any CPU
		{C616F3BD-CC2A-401E-BE56-F982603F5097}.Release|Any CPU.Build.0 = Release|Any CPU
		{10842331-E7DC-409B-8B61-C525D7723FF9}.Debug|Any CPU.ActiveCfg = Debug|Any CPU
		{10842331-E7DC-409B-8B61-C525D7723FF9}.Debug|Any CPU.Build.0 = Debug|Any CPU
		{10842331-E7DC-409B-8B61-C525D7723FF9}.Release|Any CPU.ActiveCfg = Release|Any CPU
		{10842331-E7DC-409B-8B61-C525D7723FF9}.Release|Any CPU.Build.0 = Release|Any CPU
		{88920DD2-1EA1-4F41-A4B5-BDBF1DF36E43}.Debug|Any CPU.ActiveCfg = Debug|Any CPU
		{88920DD2-1EA1-4F41-A4B5-BDBF1DF36E43}.Debug|Any CPU.Build.0 = Debug|Any CPU
		{88920DD2-1EA1-4F41-A4B5-BDBF1DF36E43}.Release|Any CPU.ActiveCfg = Release|Any CPU
		{88920DD2-1EA1-4F41-A4B5-BDBF1DF36E43}.Release|Any CPU.Build.0 = Release|Any CPU
		{46E39972-61ED-4FFB-9036-C1B7E5B04F89}.Debug|Any CPU.ActiveCfg = Debug|Any CPU
		{46E39972-61ED-4FFB-9036-C1B7E5B04F89}.Debug|Any CPU.Build.0 = Debug|Any CPU
		{46E39972-61ED-4FFB-9036-C1B7E5B04F89}.Release|Any CPU.ActiveCfg = Release|Any CPU
		{46E39972-61ED-4FFB-9036-C1B7E5B04F89}.Release|Any CPU.Build.0 = Release|Any CPU
		{038B8B25-1CA4-46C4-9689-BF04298D6445}.Debug|Any CPU.ActiveCfg = Debug|Any CPU
		{038B8B25-1CA4-46C4-9689-BF04298D6445}.Debug|Any CPU.Build.0 = Debug|Any CPU
		{038B8B25-1CA4-46C4-9689-BF04298D6445}.Release|Any CPU.ActiveCfg = Release|Any CPU
		{038B8B25-1CA4-46C4-9689-BF04298D6445}.Release|Any CPU.Build.0 = Release|Any CPU
		{8698849B-0849-4E7F-A3F1-5F64B96E4E2F}.Debug|Any CPU.ActiveCfg = Debug|Any CPU
		{8698849B-0849-4E7F-A3F1-5F64B96E4E2F}.Debug|Any CPU.Build.0 = Debug|Any CPU
		{8698849B-0849-4E7F-A3F1-5F64B96E4E2F}.Release|Any CPU.ActiveCfg = Release|Any CPU
		{8698849B-0849-4E7F-A3F1-5F64B96E4E2F}.Release|Any CPU.Build.0 = Release|Any CPU
	EndGlobalSection
	GlobalSection(SolutionProperties) = preSolution
		HideSolutionNode = FALSE
	EndGlobalSection
	GlobalSection(NestedProjects) = preSolution
		{072E912C-CBB9-4518-85C7-D9C7F5C79119} = {6889E19B-9CDA-4208-A8FA-5937140A76A8}
		{3691C21F-4D74-4335-AFAB-F19564B3DE1F} = {6889E19B-9CDA-4208-A8FA-5937140A76A8}
		{0E6FAF17-21D9-4F1C-8F09-28C0982580F1} = {6889E19B-9CDA-4208-A8FA-5937140A76A8}
		{FB965151-C3AC-4573-A6C3-D5C85BF29B98} = {6889E19B-9CDA-4208-A8FA-5937140A76A8}
		{57C8BECB-12D8-47BD-91E4-D7626ABEACE9} = {6889E19B-9CDA-4208-A8FA-5937140A76A8}
		{39456CDE-E848-4AA2-A598-65DB209E9FC4} = {CCDFFF94-A824-4990-93B6-C7D5D069388B}
		{C616F3BD-CC2A-401E-BE56-F982603F5097} = {CCDFFF94-A824-4990-93B6-C7D5D069388B}
		{FD187FA7-9734-4AB0-990D-24AC5E8AD51C} = {CD55D8FF-4B2C-444A-B1BF-14979D5F2F82}
		{C21A018D-A544-4F43-9DE9-45EA1B22BDBC} = {CD55D8FF-4B2C-444A-B1BF-14979D5F2F82}
		{10842331-E7DC-409B-8B61-C525D7723FF9} = {FD187FA7-9734-4AB0-990D-24AC5E8AD51C}
		{88920DD2-1EA1-4F41-A4B5-BDBF1DF36E43} = {FD187FA7-9734-4AB0-990D-24AC5E8AD51C}
		{46E39972-61ED-4FFB-9036-C1B7E5B04F89} = {C21A018D-A544-4F43-9DE9-45EA1B22BDBC}
		{038B8B25-1CA4-46C4-9689-BF04298D6445} = {C21A018D-A544-4F43-9DE9-45EA1B22BDBC}
		{8698849B-0849-4E7F-A3F1-5F64B96E4E2F} = {C21A018D-A544-4F43-9DE9-45EA1B22BDBC}
	EndGlobalSection
	GlobalSection(ExtensibilityGlobals) = postSolution
		SolutionGuid = {EE9F82FC-066F-45EE-ACB8-85B25606F111}
	EndGlobalSection
EndGlobal
